
Microsoft Visual Studio Solution File, Format Version 11.00
# Visual Studio 2010
Project("{FAE04EC0-301F-11D3-BF4B-00C04F79EFBC}") = "Assembly-CSharp", "Assembly-CSharp.csproj", "{0A9A4C74-97F9-4246-FB46-000088F834C9}"
EndProject
Project("{FAE04EC0-301F-11D3-BF4B-00C04F79EFBC}") = "InputSystem", "InputSystem.csproj", "{AD063492-CAEB-547F-E5DD-76BDF1C417F8}"
EndProject
Project("{FAE04EC0-301F-11D3-BF4B-00C04F79EFBC}") = "Assembly-CSharp-firstpass", "Assembly-CSharp-firstpass.csproj", "{0359B843-A1D6-AA32-6123-E66B762D7D7E}"
EndProject
Project("{FAE04EC0-301F-11D3-BF4B-00C04F79EFBC}") = "Assembly-CSharp-Editor", "Assembly-CSharp-Editor.csproj", "{15F8CACD-8B5E-D9C0-410E-E483EEFA7546}"
EndProject
Project("{FAE04EC0-301F-11D3-BF4B-00C04F79EFBC}") = "Assembly-CSharp-Editor-firstpass", "Assembly-CSharp-Editor-firstpass.csproj", "{6B27A68B-8030-7B2B-CCC8-A90CB5014CAD}"
EndProject
Global
	GlobalSection(SolutionConfigurationPlatforms) = preSolution
		Debug|Any CPU = Debug|Any CPU
		Release|Any CPU = Release|Any CPU
	EndGlobalSection
	GlobalSection(ProjectConfigurationPlatforms) = postSolution
		{0A9A4C74-97F9-4246-FB46-000088F834C9}.Debug|Any CPU.ActiveCfg = Debug|Any CPU
		{0A9A4C74-97F9-4246-FB46-000088F834C9}.Debug|Any CPU.Build.0 = Debug|Any CPU
		{0A9A4C74-97F9-4246-FB46-000088F834C9}.Release|Any CPU.ActiveCfg = Release|Any CPU
		{0A9A4C74-97F9-4246-FB46-000088F834C9}.Release|Any CPU.Build.0 = Release|Any CPU
		{AD063492-CAEB-547F-E5DD-76BDF1C417F8}.Debug|Any CPU.ActiveCfg = Debug|Any CPU
		{AD063492-CAEB-547F-E5DD-76BDF1C417F8}.Debug|Any CPU.Build.0 = Debug|Any CPU
		{AD063492-CAEB-547F-E5DD-76BDF1C417F8}.Release|Any CPU.ActiveCfg = Release|Any CPU
		{AD063492-CAEB-547F-E5DD-76BDF1C417F8}.Release|Any CPU.Build.0 = Release|Any CPU
		{0359B843-A1D6-AA32-6123-E66B762D7D7E}.Debug|Any CPU.ActiveCfg = Debug|Any CPU
		{0359B843-A1D6-AA32-6123-E66B762D7D7E}.Debug|Any CPU.Build.0 = Debug|Any CPU
		{0359B843-A1D6-AA32-6123-E66B762D7D7E}.Release|Any CPU.ActiveCfg = Release|Any CPU
		{0359B843-A1D6-AA32-6123-E66B762D7D7E}.Release|Any CPU.Build.0 = Release|Any CPU
		{15F8CACD-8B5E-D9C0-410E-E483EEFA7546}.Debug|Any CPU.ActiveCfg = Debug|Any CPU
		{15F8CACD-8B5E-D9C0-410E-E483EEFA7546}.Debug|Any CPU.Build.0 = Debug|Any CPU
		{15F8CACD-8B5E-D9C0-410E-E483EEFA7546}.Release|Any CPU.ActiveCfg = Release|Any CPU
		{15F8CACD-8B5E-D9C0-410E-E483EEFA7546}.Release|Any CPU.Build.0 = Release|Any CPU
		{6B27A68B-8030-7B2B-CCC8-A90CB5014CAD}.Debug|Any CPU.ActiveCfg = Debug|Any CPU
		{6B27A68B-8030-7B2B-CCC8-A90CB5014CAD}.Debug|Any CPU.Build.0 = Debug|Any CPU
		{6B27A68B-8030-7B2B-CCC8-A90CB5014CAD}.Release|Any CPU.ActiveCfg = Release|Any CPU
		{6B27A68B-8030-7B2B-CCC8-A90CB5014CAD}.Release|Any CPU.Build.0 = Release|Any CPU
	EndGlobalSection
	GlobalSection(SolutionProperties) = preSolution
		HideSolutionNode = FALSE
	EndGlobalSection
EndGlobal
